// !$*UTF8*$!
{
	archiveVersion = 1;
	classes = {
	};
	objectVersion = 56;
	objects = {

/* Begin PBXBuildFile section */
		234F223A296685F90049EB08 /* MainView.swift in Sources */ = {isa = PBXBuildFile; fileRef = 234F2239296685F90049EB08 /* MainView.swift */; };
		23F9C9C6294861640058D112 /* TestView.swift in Sources */ = {isa = PBXBuildFile; fileRef = 23F9C9C5294861640058D112 /* TestView.swift */; };
		23F9C9C8294861AF0058D112 /* DiaryStore.swift in Sources */ = {isa = PBXBuildFile; fileRef = 23F9C9C7294861AF0058D112 /* DiaryStore.swift */; };
		23F9C9CA29486F8C0058D112 /* RecordStore.swift in Sources */ = {isa = PBXBuildFile; fileRef = 23F9C9C929486F8C0058D112 /* RecordStore.swift */; };
		23F9C9CC294872AB0058D112 /* CommentStore.swift in Sources */ = {isa = PBXBuildFile; fileRef = 23F9C9CB294872AB0058D112 /* CommentStore.swift */; };
		611BABA829496E9F00ADB6DA /* AddingCommentView.swift in Sources */ = {isa = PBXBuildFile; fileRef = 611BABA729496E9F00ADB6DA /* AddingCommentView.swift */; };
		61413F342949C1D70068B4E0 /* FirebaseStorage in Frameworks */ = {isa = PBXBuildFile; productRef = 61413F332949C1D70068B4E0 /* FirebaseStorage */; };
		61413F362949CDB00068B4E0 /* ImagePicker.swift in Sources */ = {isa = PBXBuildFile; fileRef = 61413F352949CDB00068B4E0 /* ImagePicker.swift */; };
		61413F382949EFCA0068B4E0 /* ImageStore.swift in Sources */ = {isa = PBXBuildFile; fileRef = 61413F372949EFCA0068B4E0 /* ImageStore.swift */; };
		6187AEE329473206004AB9BD /* EndOfDayApp.swift in Sources */ = {isa = PBXBuildFile; fileRef = 6187AEE229473206004AB9BD /* EndOfDayApp.swift */; };
		6187AEE729473208004AB9BD /* Assets.xcassets in Resources */ = {isa = PBXBuildFile; fileRef = 6187AEE629473208004AB9BD /* Assets.xcassets */; };
		6187AEEA29473208004AB9BD /* Preview Assets.xcassets in Resources */ = {isa = PBXBuildFile; fileRef = 6187AEE929473208004AB9BD /* Preview Assets.xcassets */; };
		6189E5272947FDAA00A7B659 /* DiaryFeedView.swift in Sources */ = {isa = PBXBuildFile; fileRef = 6189E5262947FDAA00A7B659 /* DiaryFeedView.swift */; };
		6189E5292947FDB100A7B659 /* RecordDetailView.swift in Sources */ = {isa = PBXBuildFile; fileRef = 6189E5282947FDB100A7B659 /* RecordDetailView.swift */; };
		6189E52B2947FDCB00A7B659 /* WriteDetailView.swift in Sources */ = {isa = PBXBuildFile; fileRef = 6189E52A2947FDCB00A7B659 /* WriteDetailView.swift */; };
		6189E52D2947FE1C00A7B659 /* Diary.swift in Sources */ = {isa = PBXBuildFile; fileRef = 6189E52C2947FE1C00A7B659 /* Diary.swift */; };
		6189E52F2947FE2C00A7B659 /* Record.swift in Sources */ = {isa = PBXBuildFile; fileRef = 6189E52E2947FE2C00A7B659 /* Record.swift */; };
		6189E5312947FE5C00A7B659 /* UserInfo.swift in Sources */ = {isa = PBXBuildFile; fileRef = 6189E5302947FE5C00A7B659 /* UserInfo.swift */; };
		6189E533294806C000A7B659 /* Comment.swift in Sources */ = {isa = PBXBuildFile; fileRef = 6189E532294806C000A7B659 /* Comment.swift */; };
		6189E5352948431D00A7B659 /* ContentView.swift in Sources */ = {isa = PBXBuildFile; fileRef = 6189E5342948431D00A7B659 /* ContentView.swift */; };
		63B3F39B294A47EB0074591E /* IsValidEmail.swift in Sources */ = {isa = PBXBuildFile; fileRef = 63B3F39A294A47EB0074591E /* IsValidEmail.swift */; };
		A89C3D2C29481A550050F31F /* FirebaseAuth in Frameworks */ = {isa = PBXBuildFile; productRef = A89C3D2B29481A550050F31F /* FirebaseAuth */; };
		A89C3D2E29481A550050F31F /* FirebaseDatabase in Frameworks */ = {isa = PBXBuildFile; productRef = A89C3D2D29481A550050F31F /* FirebaseDatabase */; };
		A89C3D3029481A550050F31F /* FirebaseDatabaseSwift in Frameworks */ = {isa = PBXBuildFile; productRef = A89C3D2F29481A550050F31F /* FirebaseDatabaseSwift */; };
		A89C3D3229481A550050F31F /* FirebaseFirestore in Frameworks */ = {isa = PBXBuildFile; productRef = A89C3D3129481A550050F31F /* FirebaseFirestore */; };
		A89C3D3429481A550050F31F /* FirebaseFirestoreSwift in Frameworks */ = {isa = PBXBuildFile; productRef = A89C3D3329481A550050F31F /* FirebaseFirestoreSwift */; };
		A89C3D3629481AD10050F31F /* GoogleService-Info.plist in Resources */ = {isa = PBXBuildFile; fileRef = A89C3D3529481AD10050F31F /* GoogleService-Info.plist */; };
		A89C3D3829481BEC0050F31F /* UserStore.swift in Sources */ = {isa = PBXBuildFile; fileRef = A89C3D3729481BEC0050F31F /* UserStore.swift */; };
		A89C3D3A29481CAE0050F31F /* LoginView.swift in Sources */ = {isa = PBXBuildFile; fileRef = A89C3D3929481CAE0050F31F /* LoginView.swift */; };
		A89C3D3C29481D520050F31F /* SignUpView.swift in Sources */ = {isa = PBXBuildFile; fileRef = A89C3D3B29481D520050F31F /* SignUpView.swift */; };
		A89C3D3E29481DC90050F31F /* HomeView.swift in Sources */ = {isa = PBXBuildFile; fileRef = A89C3D3D29481DC90050F31F /* HomeView.swift */; };
		AD1CF014296694DC004EAA51 /* MyPageView.swift in Sources */ = {isa = PBXBuildFile; fileRef = AD1CF013296694DC004EAA51 /* MyPageView.swift */; };
		AD1CF01629669686004EAA51 /* createDiaryView.swift in Sources */ = {isa = PBXBuildFile; fileRef = AD1CF01529669686004EAA51 /* createDiaryView.swift */; };
		AD1CF01829669A2B004EAA51 /* EnterCodeView.swift in Sources */ = {isa = PBXBuildFile; fileRef = AD1CF01729669A2B004EAA51 /* EnterCodeView.swift */; };
		EBD3744B29668AD900C5C4A4 /* ChangeNickNameView.swift in Sources */ = {isa = PBXBuildFile; fileRef = EBD3744A29668AD900C5C4A4 /* ChangeNickNameView.swift */; };
		EBD374572966C42B00C5C4A4 /* PopupView in Frameworks */ = {isa = PBXBuildFile; productRef = EBD374562966C42B00C5C4A4 /* PopupView */; };
		EBD374592966F47900C5C4A4 /* DiaryDetailView.swift in Sources */ = {isa = PBXBuildFile; fileRef = EBD374582966F47900C5C4A4 /* DiaryDetailView.swift */; };
		EBD3745B2966FFCD00C5C4A4 /* CommentView.swift in Sources */ = {isa = PBXBuildFile; fileRef = EBD3745A2966FFCD00C5C4A4 /* CommentView.swift */; };
/* End PBXBuildFile section */

/* Begin PBXFileReference section */
		234F2239296685F90049EB08 /* MainView.swift */ = {isa = PBXFileReference; lastKnownFileType = sourcecode.swift; path = MainView.swift; sourceTree = "<group>"; };
		23F9C9C5294861640058D112 /* TestView.swift */ = {isa = PBXFileReference; lastKnownFileType = sourcecode.swift; path = TestView.swift; sourceTree = "<group>"; };
		23F9C9C7294861AF0058D112 /* DiaryStore.swift */ = {isa = PBXFileReference; lastKnownFileType = sourcecode.swift; path = DiaryStore.swift; sourceTree = "<group>"; };
		23F9C9C929486F8C0058D112 /* RecordStore.swift */ = {isa = PBXFileReference; lastKnownFileType = sourcecode.swift; path = RecordStore.swift; sourceTree = "<group>"; };
		23F9C9CB294872AB0058D112 /* CommentStore.swift */ = {isa = PBXFileReference; lastKnownFileType = sourcecode.swift; path = CommentStore.swift; sourceTree = "<group>"; };
		611BABA729496E9F00ADB6DA /* AddingCommentView.swift */ = {isa = PBXFileReference; lastKnownFileType = sourcecode.swift; path = AddingCommentView.swift; sourceTree = "<group>"; };
		61413F352949CDB00068B4E0 /* ImagePicker.swift */ = {isa = PBXFileReference; lastKnownFileType = sourcecode.swift; path = ImagePicker.swift; sourceTree = "<group>"; };
		61413F372949EFCA0068B4E0 /* ImageStore.swift */ = {isa = PBXFileReference; lastKnownFileType = sourcecode.swift; path = ImageStore.swift; sourceTree = "<group>"; };
		6187AEDF29473206004AB9BD /* EndOfDay.app */ = {isa = PBXFileReference; explicitFileType = wrapper.application; includeInIndex = 0; path = EndOfDay.app; sourceTree = BUILT_PRODUCTS_DIR; };
		6187AEE229473206004AB9BD /* EndOfDayApp.swift */ = {isa = PBXFileReference; lastKnownFileType = sourcecode.swift; path = EndOfDayApp.swift; sourceTree = "<group>"; };
		6187AEE629473208004AB9BD /* Assets.xcassets */ = {isa = PBXFileReference; lastKnownFileType = folder.assetcatalog; path = Assets.xcassets; sourceTree = "<group>"; };
		6187AEE929473208004AB9BD /* Preview Assets.xcassets */ = {isa = PBXFileReference; lastKnownFileType = folder.assetcatalog; path = "Preview Assets.xcassets"; sourceTree = "<group>"; };
		6189E5262947FDAA00A7B659 /* DiaryFeedView.swift */ = {isa = PBXFileReference; lastKnownFileType = sourcecode.swift; path = DiaryFeedView.swift; sourceTree = "<group>"; };
		6189E5282947FDB100A7B659 /* RecordDetailView.swift */ = {isa = PBXFileReference; lastKnownFileType = sourcecode.swift; path = RecordDetailView.swift; sourceTree = "<group>"; };
		6189E52A2947FDCB00A7B659 /* WriteDetailView.swift */ = {isa = PBXFileReference; lastKnownFileType = sourcecode.swift; path = WriteDetailView.swift; sourceTree = "<group>"; };
		6189E52C2947FE1C00A7B659 /* Diary.swift */ = {isa = PBXFileReference; lastKnownFileType = sourcecode.swift; path = Diary.swift; sourceTree = "<group>"; };
		6189E52E2947FE2C00A7B659 /* Record.swift */ = {isa = PBXFileReference; lastKnownFileType = sourcecode.swift; path = Record.swift; sourceTree = "<group>"; };
		6189E5302947FE5C00A7B659 /* UserInfo.swift */ = {isa = PBXFileReference; lastKnownFileType = sourcecode.swift; path = UserInfo.swift; sourceTree = "<group>"; };
		6189E532294806C000A7B659 /* Comment.swift */ = {isa = PBXFileReference; lastKnownFileType = sourcecode.swift; path = Comment.swift; sourceTree = "<group>"; };
		6189E5342948431D00A7B659 /* ContentView.swift */ = {isa = PBXFileReference; lastKnownFileType = sourcecode.swift; path = ContentView.swift; sourceTree = "<group>"; };
		63B3F39A294A47EB0074591E /* IsValidEmail.swift */ = {isa = PBXFileReference; lastKnownFileType = sourcecode.swift; path = IsValidEmail.swift; sourceTree = "<group>"; };
		A89C3D3529481AD10050F31F /* GoogleService-Info.plist */ = {isa = PBXFileReference; lastKnownFileType = text.plist; path = "GoogleService-Info.plist"; sourceTree = SOURCE_ROOT; };
		A89C3D3729481BEC0050F31F /* UserStore.swift */ = {isa = PBXFileReference; lastKnownFileType = sourcecode.swift; path = UserStore.swift; sourceTree = "<group>"; };
		A89C3D3929481CAE0050F31F /* LoginView.swift */ = {isa = PBXFileReference; lastKnownFileType = sourcecode.swift; path = LoginView.swift; sourceTree = "<group>"; };
		A89C3D3B29481D520050F31F /* SignUpView.swift */ = {isa = PBXFileReference; lastKnownFileType = sourcecode.swift; path = SignUpView.swift; sourceTree = "<group>"; };
		A89C3D3D29481DC90050F31F /* HomeView.swift */ = {isa = PBXFileReference; lastKnownFileType = sourcecode.swift; path = HomeView.swift; sourceTree = "<group>"; };
		AD1CF013296694DC004EAA51 /* MyPageView.swift */ = {isa = PBXFileReference; lastKnownFileType = sourcecode.swift; path = MyPageView.swift; sourceTree = "<group>"; };
		AD1CF01529669686004EAA51 /* createDiaryView.swift */ = {isa = PBXFileReference; lastKnownFileType = sourcecode.swift; path = createDiaryView.swift; sourceTree = "<group>"; };
		AD1CF01729669A2B004EAA51 /* EnterCodeView.swift */ = {isa = PBXFileReference; lastKnownFileType = sourcecode.swift; path = EnterCodeView.swift; sourceTree = "<group>"; };
		EBD3744A29668AD900C5C4A4 /* ChangeNickNameView.swift */ = {isa = PBXFileReference; lastKnownFileType = sourcecode.swift; path = ChangeNickNameView.swift; sourceTree = "<group>"; };
		EBD374582966F47900C5C4A4 /* DiaryDetailView.swift */ = {isa = PBXFileReference; lastKnownFileType = sourcecode.swift; path = DiaryDetailView.swift; sourceTree = "<group>"; };
		EBD3745A2966FFCD00C5C4A4 /* CommentView.swift */ = {isa = PBXFileReference; lastKnownFileType = sourcecode.swift; path = CommentView.swift; sourceTree = "<group>"; };
/* End PBXFileReference section */

/* Begin PBXFrameworksBuildPhase section */
		6187AEDC29473206004AB9BD /* Frameworks */ = {
			isa = PBXFrameworksBuildPhase;
			buildActionMask = 2147483647;
			files = (
				A89C3D3429481A550050F31F /* FirebaseFirestoreSwift in Frameworks */,
				EBD374572966C42B00C5C4A4 /* PopupView in Frameworks */,
				A89C3D3029481A550050F31F /* FirebaseDatabaseSwift in Frameworks */,
				A89C3D3229481A550050F31F /* FirebaseFirestore in Frameworks */,
				A89C3D2E29481A550050F31F /* FirebaseDatabase in Frameworks */,
				A89C3D2C29481A550050F31F /* FirebaseAuth in Frameworks */,
				61413F342949C1D70068B4E0 /* FirebaseStorage in Frameworks */,
			);
			runOnlyForDeploymentPostprocessing = 0;
		};
/* End PBXFrameworksBuildPhase section */

/* Begin PBXGroup section */
		234F22342966846E0049EB08 /* Login */ = {
			isa = PBXGroup;
			children = (
				A89C3D3929481CAE0050F31F /* LoginView.swift */,
				EBD3744A29668AD900C5C4A4 /* ChangeNickNameView.swift */,
				A89C3D3B29481D520050F31F /* SignUpView.swift */,
			);
			path = Login;
			sourceTree = "<group>";
		};
		234F22352966849F0049EB08 /* Main */ = {
			isa = PBXGroup;
			children = (
				234F2239296685F90049EB08 /* MainView.swift */,
				AD1CF013296694DC004EAA51 /* MyPageView.swift */,
				AD1CF01529669686004EAA51 /* createDiaryView.swift */,
				AD1CF01729669A2B004EAA51 /* EnterCodeView.swift */,
			);
			path = Main;
			sourceTree = "<group>";
		};
		61413F322949B2A00068B4E0 /* Frameworks */ = {
			isa = PBXGroup;
			children = (
			);
			name = Frameworks;
			sourceTree = "<group>";
		};
		6187AED629473206004AB9BD = {
			isa = PBXGroup;
			children = (
				23F9C9C5294861640058D112 /* TestView.swift */,
				6187AEE129473206004AB9BD /* EndOfDay */,
				6187AEE029473206004AB9BD /* Products */,
				61413F322949B2A00068B4E0 /* Frameworks */,
			);
			sourceTree = "<group>";
		};
		6187AEE029473206004AB9BD /* Products */ = {
			isa = PBXGroup;
			children = (
				6187AEDF29473206004AB9BD /* EndOfDay.app */,
			);
			name = Products;
			sourceTree = "<group>";
		};
		6187AEE129473206004AB9BD /* EndOfDay */ = {
			isa = PBXGroup;
			children = (
				A89C3D3529481AD10050F31F /* GoogleService-Info.plist */,
				6187AEE229473206004AB9BD /* EndOfDayApp.swift */,
				6189E51E2947FA6200A7B659 /* View */,
				6189E51F2947FA6800A7B659 /* Model */,
				63EA221829499A3000D845C9 /* Store */,
				63B3F399294A47840074591E /* Module */,
				6187AEE629473208004AB9BD /* Assets.xcassets */,
				6187AEE829473208004AB9BD /* Preview Content */,
			);
			path = EndOfDay;
			sourceTree = "<group>";
		};
		6187AEE829473208004AB9BD /* Preview Content */ = {
			isa = PBXGroup;
			children = (
				6187AEE929473208004AB9BD /* Preview Assets.xcassets */,
			);
			path = "Preview Content";
			sourceTree = "<group>";
		};
		6189E51E2947FA6200A7B659 /* View */ = {
			isa = PBXGroup;
			children = (
				234F22352966849F0049EB08 /* Main */,
				234F22342966846E0049EB08 /* Login */,
				6189E5342948431D00A7B659 /* ContentView.swift */,
				6189E5262947FDAA00A7B659 /* DiaryFeedView.swift */,
				6189E5282947FDB100A7B659 /* RecordDetailView.swift */,
				6189E52A2947FDCB00A7B659 /* WriteDetailView.swift */,
				EBD374582966F47900C5C4A4 /* DiaryDetailView.swift */,
				EBD3745A2966FFCD00C5C4A4 /* CommentView.swift */,
				611BABA729496E9F00ADB6DA /* AddingCommentView.swift */,
				61413F352949CDB00068B4E0 /* ImagePicker.swift */,
				A89C3D3D29481DC90050F31F /* HomeView.swift */,
			);
			path = View;
			sourceTree = "<group>";
		};
		6189E51F2947FA6800A7B659 /* Model */ = {
			isa = PBXGroup;
			children = (
				6189E52C2947FE1C00A7B659 /* Diary.swift */,
				6189E52E2947FE2C00A7B659 /* Record.swift */,
				6189E532294806C000A7B659 /* Comment.swift */,
				6189E5302947FE5C00A7B659 /* UserInfo.swift */,
			);
			path = Model;
			sourceTree = "<group>";
		};
		63B3F399294A47840074591E /* Module */ = {
			isa = PBXGroup;
			children = (
				63B3F39A294A47EB0074591E /* IsValidEmail.swift */,
			);
			path = Module;
			sourceTree = "<group>";
		};
		63EA221829499A3000D845C9 /* Store */ = {
			isa = PBXGroup;
			children = (
				A89C3D3729481BEC0050F31F /* UserStore.swift */,
				23F9C9C7294861AF0058D112 /* DiaryStore.swift */,
				23F9C9C929486F8C0058D112 /* RecordStore.swift */,
				23F9C9CB294872AB0058D112 /* CommentStore.swift */,
				61413F372949EFCA0068B4E0 /* ImageStore.swift */,
			);
			path = Store;
			sourceTree = "<group>";
		};
/* End PBXGroup section */

/* Begin PBXNativeTarget section */
		6187AEDE29473206004AB9BD /* EndOfDay */ = {
			isa = PBXNativeTarget;
			buildConfigurationList = 6187AEED29473208004AB9BD /* Build configuration list for PBXNativeTarget "EndOfDay" */;
			buildPhases = (
				6187AEDB29473206004AB9BD /* Sources */,
				6187AEDC29473206004AB9BD /* Frameworks */,
				6187AEDD29473206004AB9BD /* Resources */,
			);
			buildRules = (
			);
			dependencies = (
			);
			name = EndOfDay;
			packageProductDependencies = (
				A89C3D2B29481A550050F31F /* FirebaseAuth */,
				A89C3D2D29481A550050F31F /* FirebaseDatabase */,
				A89C3D2F29481A550050F31F /* FirebaseDatabaseSwift */,
				A89C3D3129481A550050F31F /* FirebaseFirestore */,
				A89C3D3329481A550050F31F /* FirebaseFirestoreSwift */,
				61413F332949C1D70068B4E0 /* FirebaseStorage */,
				EBD374562966C42B00C5C4A4 /* PopupView */,
			);
			productName = EndOfDay;
			productReference = 6187AEDF29473206004AB9BD /* EndOfDay.app */;
			productType = "com.apple.product-type.application";
		};
/* End PBXNativeTarget section */

/* Begin PBXProject section */
		6187AED729473206004AB9BD /* Project object */ = {
			isa = PBXProject;
			attributes = {
				BuildIndependentTargetsInParallel = 1;
				LastSwiftUpdateCheck = 1410;
				LastUpgradeCheck = 1410;
				TargetAttributes = {
					6187AEDE29473206004AB9BD = {
						CreatedOnToolsVersion = 14.1;
					};
				};
			};
			buildConfigurationList = 6187AEDA29473206004AB9BD /* Build configuration list for PBXProject "EndOfDay" */;
			compatibilityVersion = "Xcode 14.0";
			developmentRegion = en;
			hasScannedForEncodings = 0;
			knownRegions = (
				en,
				Base,
			);
			mainGroup = 6187AED629473206004AB9BD;
			packageReferences = (
				A89C3D2A29481A550050F31F /* XCRemoteSwiftPackageReference "firebase-ios-sdk" */,
				EBD374552966C42B00C5C4A4 /* XCRemoteSwiftPackageReference "PopupView" */,
			);
			productRefGroup = 6187AEE029473206004AB9BD /* Products */;
			projectDirPath = "";
			projectRoot = "";
			targets = (
				6187AEDE29473206004AB9BD /* EndOfDay */,
			);
		};
/* End PBXProject section */

/* Begin PBXResourcesBuildPhase section */
		6187AEDD29473206004AB9BD /* Resources */ = {
			isa = PBXResourcesBuildPhase;
			buildActionMask = 2147483647;
			files = (
				6187AEEA29473208004AB9BD /* Preview Assets.xcassets in Resources */,
				6187AEE729473208004AB9BD /* Assets.xcassets in Resources */,
				A89C3D3629481AD10050F31F /* GoogleService-Info.plist in Resources */,
			);
			runOnlyForDeploymentPostprocessing = 0;
		};
/* End PBXResourcesBuildPhase section */

/* Begin PBXSourcesBuildPhase section */
		6187AEDB29473206004AB9BD /* Sources */ = {
			isa = PBXSourcesBuildPhase;
			buildActionMask = 2147483647;
			files = (
				63B3F39B294A47EB0074591E /* IsValidEmail.swift in Sources */,
				23F9C9C6294861640058D112 /* TestView.swift in Sources */,
				A89C3D3829481BEC0050F31F /* UserStore.swift in Sources */,
				A89C3D3E29481DC90050F31F /* HomeView.swift in Sources */,
				61413F382949EFCA0068B4E0 /* ImageStore.swift in Sources */,
				611BABA829496E9F00ADB6DA /* AddingCommentView.swift in Sources */,
				6189E52D2947FE1C00A7B659 /* Diary.swift in Sources */,
				234F223A296685F90049EB08 /* MainView.swift in Sources */,
				6189E5292947FDB100A7B659 /* RecordDetailView.swift in Sources */,
				6189E5352948431D00A7B659 /* ContentView.swift in Sources */,
				AD1CF014296694DC004EAA51 /* MyPageView.swift in Sources */,
				61413F362949CDB00068B4E0 /* ImagePicker.swift in Sources */,
				23F9C9CC294872AB0058D112 /* CommentStore.swift in Sources */,
				A89C3D3C29481D520050F31F /* SignUpView.swift in Sources */,
				EBD3744B29668AD900C5C4A4 /* ChangeNickNameView.swift in Sources */,
				AD1CF01829669A2B004EAA51 /* EnterCodeView.swift in Sources */,
				6189E52F2947FE2C00A7B659 /* Record.swift in Sources */,
				23F9C9CA29486F8C0058D112 /* RecordStore.swift in Sources */,
				EBD374592966F47900C5C4A4 /* DiaryDetailView.swift in Sources */,
				AD1CF01629669686004EAA51 /* createDiaryView.swift in Sources */,
				23F9C9C8294861AF0058D112 /* DiaryStore.swift in Sources */,
				6189E5312947FE5C00A7B659 /* UserInfo.swift in Sources */,
				6189E52B2947FDCB00A7B659 /* WriteDetailView.swift in Sources */,
				6187AEE329473206004AB9BD /* EndOfDayApp.swift in Sources */,
				A89C3D3A29481CAE0050F31F /* LoginView.swift in Sources */,
				6189E533294806C000A7B659 /* Comment.swift in Sources */,
				EBD3745B2966FFCD00C5C4A4 /* CommentView.swift in Sources */,
				6189E5272947FDAA00A7B659 /* DiaryFeedView.swift in Sources */,
			);
			runOnlyForDeploymentPostprocessing = 0;
		};
/* End PBXSourcesBuildPhase section */

/* Begin XCBuildConfiguration section */
		6187AEEB29473208004AB9BD /* Debug */ = {
			isa = XCBuildConfiguration;
			buildSettings = {
				ALWAYS_SEARCH_USER_PATHS = NO;
				CLANG_ANALYZER_NONNULL = YES;
				CLANG_ANALYZER_NUMBER_OBJECT_CONVERSION = YES_AGGRESSIVE;
				CLANG_CXX_LANGUAGE_STANDARD = "gnu++20";
				CLANG_ENABLE_MODULES = YES;
				CLANG_ENABLE_OBJC_ARC = YES;
				CLANG_ENABLE_OBJC_WEAK = YES;
				CLANG_WARN_BLOCK_CAPTURE_AUTORELEASING = YES;
				CLANG_WARN_BOOL_CONVERSION = YES;
				CLANG_WARN_COMMA = YES;
				CLANG_WARN_CONSTANT_CONVERSION = YES;
				CLANG_WARN_DEPRECATED_OBJC_IMPLEMENTATIONS = YES;
				CLANG_WARN_DIRECT_OBJC_ISA_USAGE = YES_ERROR;
				CLANG_WARN_DOCUMENTATION_COMMENTS = YES;
				CLANG_WARN_EMPTY_BODY = YES;
				CLANG_WARN_ENUM_CONVERSION = YES;
				CLANG_WARN_INFINITE_RECURSION = YES;
				CLANG_WARN_INT_CONVERSION = YES;
				CLANG_WARN_NON_LITERAL_NULL_CONVERSION = YES;
				CLANG_WARN_OBJC_IMPLICIT_RETAIN_SELF = YES;
				CLANG_WARN_OBJC_LITERAL_CONVERSION = YES;
				CLANG_WARN_OBJC_ROOT_CLASS = YES_ERROR;
				CLANG_WARN_QUOTED_INCLUDE_IN_FRAMEWORK_HEADER = YES;
				CLANG_WARN_RANGE_LOOP_ANALYSIS = YES;
				CLANG_WARN_STRICT_PROTOTYPES = YES;
				CLANG_WARN_SUSPICIOUS_MOVE = YES;
				CLANG_WARN_UNGUARDED_AVAILABILITY = YES_AGGRESSIVE;
				CLANG_WARN_UNREACHABLE_CODE = YES;
				CLANG_WARN__DUPLICATE_METHOD_MATCH = YES;
				COPY_PHASE_STRIP = NO;
				DEBUG_INFORMATION_FORMAT = dwarf;
				ENABLE_STRICT_OBJC_MSGSEND = YES;
				ENABLE_TESTABILITY = YES;
				GCC_C_LANGUAGE_STANDARD = gnu11;
				GCC_DYNAMIC_NO_PIC = NO;
				GCC_NO_COMMON_BLOCKS = YES;
				GCC_OPTIMIZATION_LEVEL = 0;
				GCC_PREPROCESSOR_DEFINITIONS = (
					"DEBUG=1",
					"$(inherited)",
				);
				GCC_WARN_64_TO_32_BIT_CONVERSION = YES;
				GCC_WARN_ABOUT_RETURN_TYPE = YES_ERROR;
				GCC_WARN_UNDECLARED_SELECTOR = YES;
				GCC_WARN_UNINITIALIZED_AUTOS = YES_AGGRESSIVE;
				GCC_WARN_UNUSED_FUNCTION = YES;
				GCC_WARN_UNUSED_VARIABLE = YES;
				IPHONEOS_DEPLOYMENT_TARGET = 16.1;
				MTL_ENABLE_DEBUG_INFO = INCLUDE_SOURCE;
				MTL_FAST_MATH = YES;
				ONLY_ACTIVE_ARCH = YES;
				SDKROOT = iphoneos;
				SWIFT_ACTIVE_COMPILATION_CONDITIONS = DEBUG;
				SWIFT_OPTIMIZATION_LEVEL = "-Onone";
			};
			name = Debug;
		};
		6187AEEC29473208004AB9BD /* Release */ = {
			isa = XCBuildConfiguration;
			buildSettings = {
				ALWAYS_SEARCH_USER_PATHS = NO;
				CLANG_ANALYZER_NONNULL = YES;
				CLANG_ANALYZER_NUMBER_OBJECT_CONVERSION = YES_AGGRESSIVE;
				CLANG_CXX_LANGUAGE_STANDARD = "gnu++20";
				CLANG_ENABLE_MODULES = YES;
				CLANG_ENABLE_OBJC_ARC = YES;
				CLANG_ENABLE_OBJC_WEAK = YES;
				CLANG_WARN_BLOCK_CAPTURE_AUTORELEASING = YES;
				CLANG_WARN_BOOL_CONVERSION = YES;
				CLANG_WARN_COMMA = YES;
				CLANG_WARN_CONSTANT_CONVERSION = YES;
				CLANG_WARN_DEPRECATED_OBJC_IMPLEMENTATIONS = YES;
				CLANG_WARN_DIRECT_OBJC_ISA_USAGE = YES_ERROR;
				CLANG_WARN_DOCUMENTATION_COMMENTS = YES;
				CLANG_WARN_EMPTY_BODY = YES;
				CLANG_WARN_ENUM_CONVERSION = YES;
				CLANG_WARN_INFINITE_RECURSION = YES;
				CLANG_WARN_INT_CONVERSION = YES;
				CLANG_WARN_NON_LITERAL_NULL_CONVERSION = YES;
				CLANG_WARN_OBJC_IMPLICIT_RETAIN_SELF = YES;
				CLANG_WARN_OBJC_LITERAL_CONVERSION = YES;
				CLANG_WARN_OBJC_ROOT_CLASS = YES_ERROR;
				CLANG_WARN_QUOTED_INCLUDE_IN_FRAMEWORK_HEADER = YES;
				CLANG_WARN_RANGE_LOOP_ANALYSIS = YES;
				CLANG_WARN_STRICT_PROTOTYPES = YES;
				CLANG_WARN_SUSPICIOUS_MOVE = YES;
				CLANG_WARN_UNGUARDED_AVAILABILITY = YES_AGGRESSIVE;
				CLANG_WARN_UNREACHABLE_CODE = YES;
				CLANG_WARN__DUPLICATE_METHOD_MATCH = YES;
				COPY_PHASE_STRIP = NO;
				DEBUG_INFORMATION_FORMAT = "dwarf-with-dsym";
				ENABLE_NS_ASSERTIONS = NO;
				ENABLE_STRICT_OBJC_MSGSEND = YES;
				GCC_C_LANGUAGE_STANDARD = gnu11;
				GCC_NO_COMMON_BLOCKS = YES;
				GCC_WARN_64_TO_32_BIT_CONVERSION = YES;
				GCC_WARN_ABOUT_RETURN_TYPE = YES_ERROR;
				GCC_WARN_UNDECLARED_SELECTOR = YES;
				GCC_WARN_UNINITIALIZED_AUTOS = YES_AGGRESSIVE;
				GCC_WARN_UNUSED_FUNCTION = YES;
				GCC_WARN_UNUSED_VARIABLE = YES;
				IPHONEOS_DEPLOYMENT_TARGET = 16.1;
				MTL_ENABLE_DEBUG_INFO = NO;
				MTL_FAST_MATH = YES;
				SDKROOT = iphoneos;
				SWIFT_COMPILATION_MODE = wholemodule;
				SWIFT_OPTIMIZATION_LEVEL = "-O";
				VALIDATE_PRODUCT = YES;
			};
			name = Release;
		};
		6187AEEE29473208004AB9BD /* Debug */ = {
			isa = XCBuildConfiguration;
			buildSettings = {
				ASSETCATALOG_COMPILER_APPICON_NAME = AppIcon;
				ASSETCATALOG_COMPILER_GLOBAL_ACCENT_COLOR_NAME = AccentColor;
				CODE_SIGN_STYLE = Automatic;
				CURRENT_PROJECT_VERSION = 1;
				DEVELOPMENT_ASSET_PATHS = "\"EndOfDay/Preview Content\"";
				ENABLE_PREVIEWS = YES;
				GENERATE_INFOPLIST_FILE = YES;
				INFOPLIST_KEY_UIApplicationSceneManifest_Generation = YES;
				INFOPLIST_KEY_UIApplicationSupportsIndirectInputEvents = YES;
				INFOPLIST_KEY_UILaunchScreen_Generation = YES;
				INFOPLIST_KEY_UISupportedInterfaceOrientations_iPad = "UIInterfaceOrientationPortrait UIInterfaceOrientationPortraitUpsideDown UIInterfaceOrientationLandscapeLeft UIInterfaceOrientationLandscapeRight";
				INFOPLIST_KEY_UISupportedInterfaceOrientations_iPhone = "UIInterfaceOrientationPortrait UIInterfaceOrientationLandscapeLeft UIInterfaceOrientationLandscapeRight";
				LD_RUNPATH_SEARCH_PATHS = (
					"$(inherited)",
					"@executable_path/Frameworks",
				);
				MARKETING_VERSION = 1.0;
				PRODUCT_BUNDLE_IDENTIFIER = com.codelion.EndOfDay;
				PRODUCT_NAME = "$(TARGET_NAME)";
				SWIFT_EMIT_LOC_STRINGS = YES;
				SWIFT_VERSION = 5.0;
				TARGETED_DEVICE_FAMILY = "1,2";
			};
			name = Debug;
		};
		6187AEEF29473208004AB9BD /* Release */ = {
			isa = XCBuildConfiguration;
			buildSettings = {
				ASSETCATALOG_COMPILER_APPICON_NAME = AppIcon;
				ASSETCATALOG_COMPILER_GLOBAL_ACCENT_COLOR_NAME = AccentColor;
				CODE_SIGN_STYLE = Automatic;
				CURRENT_PROJECT_VERSION = 1;
				DEVELOPMENT_ASSET_PATHS = "\"EndOfDay/Preview Content\"";
				ENABLE_PREVIEWS = YES;
				GENERATE_INFOPLIST_FILE = YES;
				INFOPLIST_KEY_UIApplicationSceneManifest_Generation = YES;
				INFOPLIST_KEY_UIApplicationSupportsIndirectInputEvents = YES;
				INFOPLIST_KEY_UILaunchScreen_Generation = YES;
				INFOPLIST_KEY_UISupportedInterfaceOrientations_iPad = "UIInterfaceOrientationPortrait UIInterfaceOrientationPortraitUpsideDown UIInterfaceOrientationLandscapeLeft UIInterfaceOrientationLandscapeRight";
				INFOPLIST_KEY_UISupportedInterfaceOrientations_iPhone = "UIInterfaceOrientationPortrait UIInterfaceOrientationLandscapeLeft UIInterfaceOrientationLandscapeRight";
				LD_RUNPATH_SEARCH_PATHS = (
					"$(inherited)",
					"@executable_path/Frameworks",
				);
				MARKETING_VERSION = 1.0;
				PRODUCT_BUNDLE_IDENTIFIER = com.codelion.EndOfDay;
				PRODUCT_NAME = "$(TARGET_NAME)";
				SWIFT_EMIT_LOC_STRINGS = YES;
				SWIFT_VERSION = 5.0;
				TARGETED_DEVICE_FAMILY = "1,2";
			};
			name = Release;
		};
/* End XCBuildConfiguration section */

/* Begin XCConfigurationList section */
		6187AEDA29473206004AB9BD /* Build configuration list for PBXProject "EndOfDay" */ = {
			isa = XCConfigurationList;
			buildConfigurations = (
				6187AEEB29473208004AB9BD /* Debug */,
				6187AEEC29473208004AB9BD /* Release */,
			);
			defaultConfigurationIsVisible = 0;
			defaultConfigurationName = Release;
		};
		6187AEED29473208004AB9BD /* Build configuration list for PBXNativeTarget "EndOfDay" */ = {
			isa = XCConfigurationList;
			buildConfigurations = (
				6187AEEE29473208004AB9BD /* Debug */,
				6187AEEF29473208004AB9BD /* Release */,
			);
			defaultConfigurationIsVisible = 0;
			defaultConfigurationName = Release;
		};
/* End XCConfigurationList section */

/* Begin XCRemoteSwiftPackageReference section */
		A89C3D2A29481A550050F31F /* XCRemoteSwiftPackageReference "firebase-ios-sdk" */ = {
			isa = XCRemoteSwiftPackageReference;
			repositoryURL = "https://github.com/firebase/firebase-ios-sdk";
			requirement = {
				kind = upToNextMajorVersion;
				minimumVersion = 9.0.0;
			};
		};
		EBD374552966C42B00C5C4A4 /* XCRemoteSwiftPackageReference "PopupView" */ = {
			isa = XCRemoteSwiftPackageReference;
			repositoryURL = "https://github.com/exyte/PopupView";
			requirement = {
				branch = master;
				kind = branch;
			};
		};
/* End XCRemoteSwiftPackageReference section */

/* Begin XCSwiftPackageProductDependency section */
		61413F332949C1D70068B4E0 /* FirebaseStorage */ = {
			isa = XCSwiftPackageProductDependency;
			package = A89C3D2A29481A550050F31F /* XCRemoteSwiftPackageReference "firebase-ios-sdk" */;
			productName = FirebaseStorage;
		};
		A89C3D2B29481A550050F31F /* FirebaseAuth */ = {
			isa = XCSwiftPackageProductDependency;
			package = A89C3D2A29481A550050F31F /* XCRemoteSwiftPackageReference "firebase-ios-sdk" */;
			productName = FirebaseAuth;
		};
		A89C3D2D29481A550050F31F /* FirebaseDatabase */ = {
			isa = XCSwiftPackageProductDependency;
			package = A89C3D2A29481A550050F31F /* XCRemoteSwiftPackageReference "firebase-ios-sdk" */;
			productName = FirebaseDatabase;
		};
		A89C3D2F29481A550050F31F /* FirebaseDatabaseSwift */ = {
			isa = XCSwiftPackageProductDependency;
			package = A89C3D2A29481A550050F31F /* XCRemoteSwiftPackageReference "firebase-ios-sdk" */;
			productName = FirebaseDatabaseSwift;
		};
		A89C3D3129481A550050F31F /* FirebaseFirestore */ = {
			isa = XCSwiftPackageProductDependency;
			package = A89C3D2A29481A550050F31F /* XCRemoteSwiftPackageReference "firebase-ios-sdk" */;
			productName = FirebaseFirestore;
		};
		A89C3D3329481A550050F31F /* FirebaseFirestoreSwift */ = {
			isa = XCSwiftPackageProductDependency;
			package = A89C3D2A29481A550050F31F /* XCRemoteSwiftPackageReference "firebase-ios-sdk" */;
			productName = FirebaseFirestoreSwift;
		};
		EBD374562966C42B00C5C4A4 /* PopupView */ = {
			isa = XCSwiftPackageProductDependency;
			package = EBD374552966C42B00C5C4A4 /* XCRemoteSwiftPackageReference "PopupView" */;
			productName = PopupView;
		};
/* End XCSwiftPackageProductDependency section */
	};
	rootObject = 6187AED729473206004AB9BD /* Project object */;
}
